
Microsoft Visual Studio Solution File, Format Version 12.00
# Visual Studio Version 17
VisualStudioVersion = 17.8.34316.72
MinimumVisualStudioVersion = 10.0.40219.1
Project("{FAE04EC0-301F-11D3-BF4B-00C04F79EFBC}") = "FCM-Demo", "FCM-Demo\FCM-Demo.csproj", "{053742CD-5BA2-4007-9916-19B04C3D196F}"
EndProject
Global
	GlobalSection(SolutionConfigurationPlatforms) = preSolution
		Debug|Any CPU = Debug|Any CPU
		Release|Any CPU = Release|Any CPU
	EndGlobalSection
	GlobalSection(ProjectConfigurationPlatforms) = postSolution
		{053742CD-5BA2-4007-9916-19B04C3D196F}.Debug|Any CPU.ActiveCfg = Debug|Any CPU
		{053742CD-5BA2-4007-9916-19B04C3D196F}.Debug|Any CPU.Build.0 = Debug|Any CPU
		{053742CD-5BA2-4007-9916-19B04C3D196F}.Release|Any CPU.ActiveCfg = Release|Any CPU
		{053742CD-5BA2-4007-9916-19B04C3D196F}.Release|Any CPU.Build.0 = Release|Any CPU
	EndGlobalSection
	GlobalSection(SolutionProperties) = preSolution
		HideSolutionNode = FALSE
	EndGlobalSection
	GlobalSection(ExtensibilityGlobals) = postSolution
		SolutionGuid = {DB91040C-4253-46E0-9E64-27A96B6A1D75}
	EndGlobalSection
EndGlobal
