
Microsoft Visual Studio Solution File, Format Version 12.00
# Visual Studio Version 17
VisualStudioVersion = 17.6.33712.159
MinimumVisualStudioVersion = 10.0.40219.1
Project("{9A19103F-16F7-4668-BE54-9A1E7A4F7556}") = "CommanderGQL", "CommanderGQL.csproj", "{56A35EFF-D9C5-465B-9FAC-CA0E4B75D187}"
EndProject
Global
	GlobalSection(SolutionConfigurationPlatforms) = preSolution
		Debug|Any CPU = Debug|Any CPU
		Release|Any CPU = Release|Any CPU
	EndGlobalSection
	GlobalSection(ProjectConfigurationPlatforms) = postSolution
		{56A35EFF-D9C5-465B-9FAC-CA0E4B75D187}.Debug|Any CPU.ActiveCfg = Debug|Any CPU
		{56A35EFF-D9C5-465B-9FAC-CA0E4B75D187}.Debug|Any CPU.Build.0 = Debug|Any CPU
		{56A35EFF-D9C5-465B-9FAC-CA0E4B75D187}.Release|Any CPU.ActiveCfg = Release|Any CPU
		{56A35EFF-D9C5-465B-9FAC-CA0E4B75D187}.Release|Any CPU.Build.0 = Release|Any CPU
	EndGlobalSection
	GlobalSection(SolutionProperties) = preSolution
		HideSolutionNode = FALSE
	EndGlobalSection
	GlobalSection(ExtensibilityGlobals) = postSolution
		SolutionGuid = {1B7DCB96-F977-459F-9E5E-73842300B5DF}
	EndGlobalSection
EndGlobal
