
Microsoft Visual Studio Solution File, Format Version 12.00
# Visual Studio Version 17
VisualStudioVersion = 17.4.33205.214
MinimumVisualStudioVersion = 10.0.40219.1
Project("{FAE04EC0-301F-11D3-BF4B-00C04F79EFBC}") = "Redis Cache using .NET Core API", "Redis Cache using .NET Core API\Redis Cache using .NET Core API.csproj", "{2BEA4244-5A10-45DD-B929-19E695920DB3}"
EndProject
Global
	GlobalSection(SolutionConfigurationPlatforms) = preSolution
		Debug|Any CPU = Debug|Any CPU
		Release|Any CPU = Release|Any CPU
	EndGlobalSection
	GlobalSection(ProjectConfigurationPlatforms) = postSolution
		{2BEA4244-5A10-45DD-B929-19E695920DB3}.Debug|Any CPU.ActiveCfg = Debug|Any CPU
		{2BEA4244-5A10-45DD-B929-19E695920DB3}.Debug|Any CPU.Build.0 = Debug|Any CPU
		{2BEA4244-5A10-45DD-B929-19E695920DB3}.Release|Any CPU.ActiveCfg = Release|Any CPU
		{2BEA4244-5A10-45DD-B929-19E695920DB3}.Release|Any CPU.Build.0 = Release|Any CPU
	EndGlobalSection
	GlobalSection(SolutionProperties) = preSolution
		HideSolutionNode = FALSE
	EndGlobalSection
	GlobalSection(ExtensibilityGlobals) = postSolution
		SolutionGuid = {D264395C-7CA6-4CBA-A741-FA8653003A48}
	EndGlobalSection
EndGlobal
