
Microsoft Visual Studio Solution File, Format Version 12.00
# Visual Studio Version 17
VisualStudioVersion = 17.3.32901.215
MinimumVisualStudioVersion = 10.0.40219.1
Project("{9A19103F-16F7-4668-BE54-9A1E7A4F7556}") = "Lab1-LINQ", "Lab1-LINQ\Lab1-LINQ.csproj", "{8F899048-AF13-4EC5-9B73-43E43BABFB0D}"
EndProject
Project("{FAE04EC0-301F-11D3-BF4B-00C04F79EFBC}") = "Lab2-DatabaseFirst", "Lab2-DatabaseFirst\Lab2-DatabaseFirst.csproj", "{96197A79-B67F-40C5-A606-B99C939AFF8E}"
EndProject
Project("{FAE04EC0-301F-11D3-BF4B-00C04F79EFBC}") = "Lab3Code-first-from-database", "Lab3Code-first\Lab3Code-first-from-database.csproj", "{D472C3F0-2783-428E-92EE-5880E0C3E053}"
EndProject
Project("{FAE04EC0-301F-11D3-BF4B-00C04F79EFBC}") = "Lab3Code-first-empty", "Lab3Code-first-empty\Lab3Code-first-empty.csproj", "{B865E177-9D0F-49AB-AF1A-4409F3B3DBD5}"
EndProject
Global
	GlobalSection(SolutionConfigurationPlatforms) = preSolution
		Debug|Any CPU = Debug|Any CPU
		Release|Any CPU = Release|Any CPU
	EndGlobalSection
	GlobalSection(ProjectConfigurationPlatforms) = postSolution
		{8F899048-AF13-4EC5-9B73-43E43BABFB0D}.Debug|Any CPU.ActiveCfg = Debug|Any CPU
		{8F899048-AF13-4EC5-9B73-43E43BABFB0D}.Debug|Any CPU.Build.0 = Debug|Any CPU
		{8F899048-AF13-4EC5-9B73-43E43BABFB0D}.Release|Any CPU.ActiveCfg = Release|Any CPU
		{8F899048-AF13-4EC5-9B73-43E43BABFB0D}.Release|Any CPU.Build.0 = Release|Any CPU
		{96197A79-B67F-40C5-A606-B99C939AFF8E}.Debug|Any CPU.ActiveCfg = Debug|Any CPU
		{96197A79-B67F-40C5-A606-B99C939AFF8E}.Debug|Any CPU.Build.0 = Debug|Any CPU
		{96197A79-B67F-40C5-A606-B99C939AFF8E}.Release|Any CPU.ActiveCfg = Release|Any CPU
		{96197A79-B67F-40C5-A606-B99C939AFF8E}.Release|Any CPU.Build.0 = Release|Any CPU
		{D472C3F0-2783-428E-92EE-5880E0C3E053}.Debug|Any CPU.ActiveCfg = Debug|Any CPU
		{D472C3F0-2783-428E-92EE-5880E0C3E053}.Debug|Any CPU.Build.0 = Debug|Any CPU
		{D472C3F0-2783-428E-92EE-5880E0C3E053}.Release|Any CPU.ActiveCfg = Release|Any CPU
		{D472C3F0-2783-428E-92EE-5880E0C3E053}.Release|Any CPU.Build.0 = Release|Any CPU
		{B865E177-9D0F-49AB-AF1A-4409F3B3DBD5}.Debug|Any CPU.ActiveCfg = Debug|Any CPU
		{B865E177-9D0F-49AB-AF1A-4409F3B3DBD5}.Debug|Any CPU.Build.0 = Debug|Any CPU
		{B865E177-9D0F-49AB-AF1A-4409F3B3DBD5}.Release|Any CPU.ActiveCfg = Release|Any CPU
		{B865E177-9D0F-49AB-AF1A-4409F3B3DBD5}.Release|Any CPU.Build.0 = Release|Any CPU
	EndGlobalSection
	GlobalSection(SolutionProperties) = preSolution
		HideSolutionNode = FALSE
	EndGlobalSection
	GlobalSection(ExtensibilityGlobals) = postSolution
		SolutionGuid = {BCB395D0-3839-4511-A541-FD21E9EDFFFC}
	EndGlobalSection
EndGlobal
