
Microsoft Visual Studio Solution File, Format Version 12.00
# Visual Studio Version 17
VisualStudioVersion = 17.7.34003.232
MinimumVisualStudioVersion = 10.0.40219.1
Project("{9A19103F-16F7-4668-BE54-9A1E7A4F7556}") = "EPIRoboticFuelLogger", "EPIRoboticFuelLogger\EPIRoboticFuelLogger.csproj", "{835D00B0-D602-42F5-884C-95A832903F7D}"
EndProject
Project("{2150E333-8FDC-42A3-9474-1A3956D46DE8}") = "Solution Items", "Solution Items", "{85139A97-849F-4FC6-9312-823641FABFB3}"
	ProjectSection(SolutionItems) = preProject
		.editorconfig = .editorconfig
	EndProjectSection
EndProject
Global
	GlobalSection(SolutionConfigurationPlatforms) = preSolution
		Debug|Any CPU = Debug|Any CPU
		Release|Any CPU = Release|Any CPU
	EndGlobalSection
	GlobalSection(ProjectConfigurationPlatforms) = postSolution
		{835D00B0-D602-42F5-884C-95A832903F7D}.Debug|Any CPU.ActiveCfg = Debug|Any CPU
		{835D00B0-D602-42F5-884C-95A832903F7D}.Debug|Any CPU.Build.0 = Debug|Any CPU
		{835D00B0-D602-42F5-884C-95A832903F7D}.Release|Any CPU.ActiveCfg = Release|Any CPU
		{835D00B0-D602-42F5-884C-95A832903F7D}.Release|Any CPU.Build.0 = Release|Any CPU
	EndGlobalSection
	GlobalSection(SolutionProperties) = preSolution
		HideSolutionNode = FALSE
	EndGlobalSection
	GlobalSection(ExtensibilityGlobals) = postSolution
		SolutionGuid = {B2AE2E21-BB12-4C5A-871D-D8452F7680D8}
	EndGlobalSection
EndGlobal
