
Microsoft Visual Studio Solution File, Format Version 12.00
# Visual Studio Version 16
VisualStudioVersion = 16.0.30804.86
MinimumVisualStudioVersion = 10.0.40219.1
Project("{FAE04EC0-301F-11D3-BF4B-00C04F79EFBC}") = "HelloLogging", "HelloLogging\HelloLogging.csproj", "{232A9F5F-4514-410F-9A71-F1E4F0AB17FE}"
EndProject
Global
	GlobalSection(SolutionConfigurationPlatforms) = preSolution
		Debug|Any CPU = Debug|Any CPU
		Release|Any CPU = Release|Any CPU
	EndGlobalSection
	GlobalSection(ProjectConfigurationPlatforms) = postSolution
		{232A9F5F-4514-410F-9A71-F1E4F0AB17FE}.Debug|Any CPU.ActiveCfg = Debug|Any CPU
		{232A9F5F-4514-410F-9A71-F1E4F0AB17FE}.Debug|Any CPU.Build.0 = Debug|Any CPU
		{232A9F5F-4514-410F-9A71-F1E4F0AB17FE}.Release|Any CPU.ActiveCfg = Release|Any CPU
		{232A9F5F-4514-410F-9A71-F1E4F0AB17FE}.Release|Any CPU.Build.0 = Release|Any CPU
	EndGlobalSection
	GlobalSection(SolutionProperties) = preSolution
		HideSolutionNode = FALSE
	EndGlobalSection
	GlobalSection(ExtensibilityGlobals) = postSolution
		SolutionGuid = {90FA34E2-9041-4877-945F-A405AA050887}
	EndGlobalSection
EndGlobal
