
Microsoft Visual Studio Solution File, Format Version 12.00
# Visual Studio Version 16
VisualStudioVersion = 16.0.30320.27
MinimumVisualStudioVersion = 10.0.40219.1
Project("{FAE04EC0-301F-11D3-BF4B-00C04F79EFBC}") = "Center Application", "Center Application\Center Application.csproj", "{9A0960A8-606A-4A0E-9242-3F6EFAA88F1F}"
EndProject
Global
	GlobalSection(SolutionConfigurationPlatforms) = preSolution
		Debug|Any CPU = Debug|Any CPU
		Release|Any CPU = Release|Any CPU
	EndGlobalSection
	GlobalSection(ProjectConfigurationPlatforms) = postSolution
		{9A0960A8-606A-4A0E-9242-3F6EFAA88F1F}.Debug|Any CPU.ActiveCfg = Debug|Any CPU
		{9A0960A8-606A-4A0E-9242-3F6EFAA88F1F}.Debug|Any CPU.Build.0 = Debug|Any CPU
		{9A0960A8-606A-4A0E-9242-3F6EFAA88F1F}.Release|Any CPU.ActiveCfg = Release|Any CPU
		{9A0960A8-606A-4A0E-9242-3F6EFAA88F1F}.Release|Any CPU.Build.0 = Release|Any CPU
	EndGlobalSection
	GlobalSection(SolutionProperties) = preSolution
		HideSolutionNode = FALSE
	EndGlobalSection
	GlobalSection(ExtensibilityGlobals) = postSolution
		SolutionGuid = {9B568288-F937-42F3-A9D2-E41B45E9272E}
	EndGlobalSection
EndGlobal
