
Microsoft Visual Studio Solution File, Format Version 12.00
# Visual Studio Version 16
VisualStudioVersion = 16.0.30907.101
MinimumVisualStudioVersion = 10.0.40219.1
Project("{FAE04EC0-301F-11D3-BF4B-00C04F79EFBC}") = "FunctionalProgramming", "FunctionalProgramming\FunctionalProgramming.csproj", "{507977AC-4A0B-45CB-A2DA-194CF53DA471}"
EndProject
Global
	GlobalSection(SolutionConfigurationPlatforms) = preSolution
		Debug|Any CPU = Debug|Any CPU
		Release|Any CPU = Release|Any CPU
	EndGlobalSection
	GlobalSection(ProjectConfigurationPlatforms) = postSolution
		{507977AC-4A0B-45CB-A2DA-194CF53DA471}.Debug|Any CPU.ActiveCfg = Debug|Any CPU
		{507977AC-4A0B-45CB-A2DA-194CF53DA471}.Debug|Any CPU.Build.0 = Debug|Any CPU
		{507977AC-4A0B-45CB-A2DA-194CF53DA471}.Release|Any CPU.ActiveCfg = Release|Any CPU
		{507977AC-4A0B-45CB-A2DA-194CF53DA471}.Release|Any CPU.Build.0 = Release|Any CPU
	EndGlobalSection
	GlobalSection(SolutionProperties) = preSolution
		HideSolutionNode = FALSE
	EndGlobalSection
	GlobalSection(ExtensibilityGlobals) = postSolution
		SolutionGuid = {EDC19BA9-E94C-4ECC-BD3A-EBDD6CF5435A}
	EndGlobalSection
EndGlobal
