
Microsoft Visual Studio Solution File, Format Version 12.00
# Visual Studio Version 17
VisualStudioVersion = 17.3.32811.315
MinimumVisualStudioVersion = 10.0.40219.1
Project("{FAE04EC0-301F-11D3-BF4B-00C04F79EFBC}") = "Lab3", "Lab3\Lab3.csproj", "{1614F4B2-813F-4025-A81C-CE7A3195E1F8}"
EndProject
Project("{FAE04EC0-301F-11D3-BF4B-00C04F79EFBC}") = "MagicBox", "MagicBox\MagicBox.csproj", "{C53C4651-CB68-45B7-8E83-29FBB71F5C5F}"
EndProject
Global
	GlobalSection(SolutionConfigurationPlatforms) = preSolution
		Debug|Any CPU = Debug|Any CPU
		Release|Any CPU = Release|Any CPU
	EndGlobalSection
	GlobalSection(ProjectConfigurationPlatforms) = postSolution
		{1614F4B2-813F-4025-A81C-CE7A3195E1F8}.Debug|Any CPU.ActiveCfg = Debug|Any CPU
		{1614F4B2-813F-4025-A81C-CE7A3195E1F8}.Debug|Any CPU.Build.0 = Debug|Any CPU
		{1614F4B2-813F-4025-A81C-CE7A3195E1F8}.Release|Any CPU.ActiveCfg = Release|Any CPU
		{1614F4B2-813F-4025-A81C-CE7A3195E1F8}.Release|Any CPU.Build.0 = Release|Any CPU
		{C53C4651-CB68-45B7-8E83-29FBB71F5C5F}.Debug|Any CPU.ActiveCfg = Debug|Any CPU
		{C53C4651-CB68-45B7-8E83-29FBB71F5C5F}.Debug|Any CPU.Build.0 = Debug|Any CPU
		{C53C4651-CB68-45B7-8E83-29FBB71F5C5F}.Release|Any CPU.ActiveCfg = Release|Any CPU
		{C53C4651-CB68-45B7-8E83-29FBB71F5C5F}.Release|Any CPU.Build.0 = Release|Any CPU
	EndGlobalSection
	GlobalSection(SolutionProperties) = preSolution
		HideSolutionNode = FALSE
	EndGlobalSection
	GlobalSection(ExtensibilityGlobals) = postSolution
		SolutionGuid = {2EE1D5F7-9616-4FBB-B0B1-66015C742F9E}
	EndGlobalSection
EndGlobal
