
Microsoft Visual Studio Solution File, Format Version 12.00
# Visual Studio Version 17
VisualStudioVersion = 17.7.34221.43
MinimumVisualStudioVersion = 10.0.40219.1
Project("{FAE04EC0-301F-11D3-BF4B-00C04F79EFBC}") = "Api", "E-Store\Api.csproj", "{49CF09C3-EC6F-44A8-B618-9FCAF16F3858}"
EndProject
Project("{FAE04EC0-301F-11D3-BF4B-00C04F79EFBC}") = "UnitTests", "UnitTests\UnitTests.csproj", "{157B98E5-AE3F-4053-BCCF-E51A32D5AB02}"
	ProjectSection(ProjectDependencies) = postProject
		{49CF09C3-EC6F-44A8-B618-9FCAF16F3858} = {49CF09C3-EC6F-44A8-B618-9FCAF16F3858}
	EndProjectSection
EndProject
Global
	GlobalSection(SolutionConfigurationPlatforms) = preSolution
		Debug|Any CPU = Debug|Any CPU
		Release|Any CPU = Release|Any CPU
	EndGlobalSection
	GlobalSection(ProjectConfigurationPlatforms) = postSolution
		{49CF09C3-EC6F-44A8-B618-9FCAF16F3858}.Debug|Any CPU.ActiveCfg = Debug|Any CPU
		{49CF09C3-EC6F-44A8-B618-9FCAF16F3858}.Debug|Any CPU.Build.0 = Debug|Any CPU
		{49CF09C3-EC6F-44A8-B618-9FCAF16F3858}.Release|Any CPU.ActiveCfg = Release|Any CPU
		{49CF09C3-EC6F-44A8-B618-9FCAF16F3858}.Release|Any CPU.Build.0 = Release|Any CPU
		{157B98E5-AE3F-4053-BCCF-E51A32D5AB02}.Debug|Any CPU.ActiveCfg = Debug|Any CPU
		{157B98E5-AE3F-4053-BCCF-E51A32D5AB02}.Debug|Any CPU.Build.0 = Debug|Any CPU
		{157B98E5-AE3F-4053-BCCF-E51A32D5AB02}.Release|Any CPU.ActiveCfg = Release|Any CPU
		{157B98E5-AE3F-4053-BCCF-E51A32D5AB02}.Release|Any CPU.Build.0 = Release|Any CPU
	EndGlobalSection
	GlobalSection(SolutionProperties) = preSolution
		HideSolutionNode = FALSE
	EndGlobalSection
	GlobalSection(ExtensibilityGlobals) = postSolution
		SolutionGuid = {91B2A1A0-03B7-47CA-B736-21458CCCFF53}
	EndGlobalSection
EndGlobal
